// !$*UTF8*$!
{
	archiveVersion = 1;
	classes = {
	};
	objectVersion = 56;
	objects = {

/* Begin PBXBuildFile section */
		63A95F0729408F8A001D946A /* AppDelegate.swift in Sources */ = {isa = PBXBuildFile; fileRef = 63A95F0629408F8A001D946A /* AppDelegate.swift */; };
		63A95F0929408F8A001D946A /* SceneDelegate.swift in Sources */ = {isa = PBXBuildFile; fileRef = 63A95F0829408F8A001D946A /* SceneDelegate.swift */; };
		63A95F0B29408F8A001D946A /* SqrsViewController.swift in Sources */ = {isa = PBXBuildFile; fileRef = 63A95F0A29408F8A001D946A /* SqrsViewController.swift */; };
		63A95F0E29408F8A001D946A /* Main.storyboard in Resources */ = {isa = PBXBuildFile; fileRef = 63A95F0C29408F8A001D946A /* Main.storyboard */; };
		63A95F1029408F8D001D946A /* Assets.xcassets in Resources */ = {isa = PBXBuildFile; fileRef = 63A95F0F29408F8D001D946A /* Assets.xcassets */; };
		63A95F1329408F8D001D946A /* LaunchScreen.storyboard in Resources */ = {isa = PBXBuildFile; fileRef = 63A95F1129408F8D001D946A /* LaunchScreen.storyboard */; };
		63D76C1129434B0B00D2D175 /* AlertViewController.swift in Sources */ = {isa = PBXBuildFile; fileRef = 63D76C1029434B0B00D2D175 /* AlertViewController.swift */; };
		63D76C132943522000D2D175 /* RootViewController.swift in Sources */ = {isa = PBXBuildFile; fileRef = 63D76C122943522000D2D175 /* RootViewController.swift */; };
		63D76C472943817500D2D175 /* AlertData.swift in Sources */ = {isa = PBXBuildFile; fileRef = 63D76C462943817500D2D175 /* AlertData.swift */; };
/* End PBXBuildFile section */

/* Begin PBXFileReference section */
		63A95F0329408F8A001D946A /* week2wednesday.app */ = {isa = PBXFileReference; explicitFileType = wrapper.application; includeInIndex = 0; path = week2wednesday.app; sourceTree = BUILT_PRODUCTS_DIR; };
		63A95F0629408F8A001D946A /* AppDelegate.swift */ = {isa = PBXFileReference; lastKnownFileType = sourcecode.swift; path = AppDelegate.swift; sourceTree = "<group>"; };
		63A95F0829408F8A001D946A /* SceneDelegate.swift */ = {isa = PBXFileReference; lastKnownFileType = sourcecode.swift; path = SceneDelegate.swift; sourceTree = "<group>"; };
		63A95F0A29408F8A001D946A /* SqrsViewController.swift */ = {isa = PBXFileReference; lastKnownFileType = sourcecode.swift; path = SqrsViewController.swift; sourceTree = "<group>"; };
		63A95F0D29408F8A001D946A /* Base */ = {isa = PBXFileReference; lastKnownFileType = file.storyboard; name = Base; path = Base.lproj/Main.storyboard; sourceTree = "<group>"; };
		63A95F0F29408F8D001D946A /* Assets.xcassets */ = {isa = PBXFileReference; lastKnownFileType = folder.assetcatalog; path = Assets.xcassets; sourceTree = "<group>"; };
		63A95F1229408F8D001D946A /* Base */ = {isa = PBXFileReference; lastKnownFileType = file.storyboard; name = Base; path = Base.lproj/LaunchScreen.storyboard; sourceTree = "<group>"; };
		63A95F1429408F8D001D946A /* Info.plist */ = {isa = PBXFileReference; lastKnownFileType = text.plist.xml; path = Info.plist; sourceTree = "<group>"; };
		63D76C1029434B0B00D2D175 /* AlertViewController.swift */ = {isa = PBXFileReference; lastKnownFileType = sourcecode.swift; path = AlertViewController.swift; sourceTree = "<group>"; };
		63D76C122943522000D2D175 /* RootViewController.swift */ = {isa = PBXFileReference; lastKnownFileType = sourcecode.swift; path = RootViewController.swift; sourceTree = "<group>"; };
		63D76C462943817500D2D175 /* AlertData.swift */ = {isa = PBXFileReference; lastKnownFileType = sourcecode.swift; path = AlertData.swift; sourceTree = "<group>"; };
/* End PBXFileReference section */

/* Begin PBXFrameworksBuildPhase section */
		63A95F0029408F8A001D946A /* Frameworks */ = {
			isa = PBXFrameworksBuildPhase;
			buildActionMask = 2147483647;
			files = (
			);
			runOnlyForDeploymentPostprocessing = 0;
		};
/* End PBXFrameworksBuildPhase section */

/* Begin PBXGroup section */
		63A95EFA29408F8A001D946A = {
			isa = PBXGroup;
			children = (
				63A95F0529408F8A001D946A /* week2wednesday */,
				63A95F0429408F8A001D946A /* Products */,
			);
			sourceTree = "<group>";
		};
		63A95F0429408F8A001D946A /* Products */ = {
			isa = PBXGroup;
			children = (
				63A95F0329408F8A001D946A /* week2wednesday.app */,
			);
			name = Products;
			sourceTree = "<group>";
		};
		63A95F0529408F8A001D946A /* week2wednesday */ = {
			isa = PBXGroup;
			children = (
				63A95F0629408F8A001D946A /* AppDelegate.swift */,
				63A95F0829408F8A001D946A /* SceneDelegate.swift */,
				63D76C122943522000D2D175 /* RootViewController.swift */,
				63A95F0A29408F8A001D946A /* SqrsViewController.swift */,
				63D76C1029434B0B00D2D175 /* AlertViewController.swift */,
				63D76C462943817500D2D175 /* AlertData.swift */,
				63A95F0C29408F8A001D946A /* Main.storyboard */,
				63A95F0F29408F8D001D946A /* Assets.xcassets */,
				63A95F1129408F8D001D946A /* LaunchScreen.storyboard */,
				63A95F1429408F8D001D946A /* Info.plist */,
			);
			path = week2wednesday;
			sourceTree = "<group>";
		};
/* End PBXGroup section */

/* Begin PBXNativeTarget section */
		63A95F0229408F8A001D946A /* week2wednesday */ = {
			isa = PBXNativeTarget;
			buildConfigurationList = 63A95F1729408F8D001D946A /* Build configuration list for PBXNativeTarget "week2wednesday" */;
			buildPhases = (
				63A95EFF29408F8A001D946A /* Sources */,
				63A95F0029408F8A001D946A /* Frameworks */,
				63A95F0129408F8A001D946A /* Resources */,
			);
			buildRules = (
			);
			dependencies = (
			);
			name = week2wednesday;
			productName = week2wednesday;
			productReference = 63A95F0329408F8A001D946A /* week2wednesday.app */;
			productType = "com.apple.product-type.application";
		};
/* End PBXNativeTarget section */

/* Begin PBXProject section */
		63A95EFB29408F8A001D946A /* Project object */ = {
			isa = PBXProject;
			attributes = {
				BuildIndependentTargetsInParallel = 1;
				LastSwiftUpdateCheck = 1410;
				LastUpgradeCheck = 1410;
				TargetAttributes = {
					63A95F0229408F8A001D946A = {
						CreatedOnToolsVersion = 14.1;
					};
				};
			};
			buildConfigurationList = 63A95EFE29408F8A001D946A /* Build configuration list for PBXProject "week2wednesday" */;
			compatibilityVersion = "Xcode 14.0";
			developmentRegion = en;
			hasScannedForEncodings = 0;
			knownRegions = (
				en,
				Base,
			);
			mainGroup = 63A95EFA29408F8A001D946A;
			productRefGroup = 63A95F0429408F8A001D946A /* Products */;
			projectDirPath = "";
			projectRoot = "";
			targets = (
				63A95F0229408F8A001D946A /* week2wednesday */,
			);
		};
/* End PBXProject section */

/* Begin PBXResourcesBuildPhase section */
		63A95F0129408F8A001D946A /* Resources */ = {
			isa = PBXResourcesBuildPhase;
			buildActionMask = 2147483647;
			files = (
				63A95F1329408F8D001D946A /* LaunchScreen.storyboard in Resources */,
				63A95F1029408F8D001D946A /* Assets.xcassets in Resources */,
				63A95F0E29408F8A001D946A /* Main.storyboard in Resources */,
			);
			runOnlyForDeploymentPostprocessing = 0;
		};
/* End PBXResourcesBuildPhase section */

/* Begin PBXSourcesBuildPhase section */
		63A95EFF29408F8A001D946A /* Sources */ = {
			isa = PBXSourcesBuildPhase;
			buildActionMask = 2147483647;
			files = (
				63D76C132943522000D2D175 /* RootViewController.swift in Sources */,
				63A95F0B29408F8A001D946A /* SqrsViewController.swift in Sources */,
				63A95F0729408F8A001D946A /* AppDelegate.swift in Sources */,
				63A95F0929408F8A001D946A /* SceneDelegate.swift in Sources */,
				63D76C472943817500D2D175 /* AlertData.swift in Sources */,
				63D76C1129434B0B00D2D175 /* AlertViewController.swift in Sources */,
			);
			runOnlyForDeploymentPostprocessing = 0;
		};
/* End PBXSourcesBuildPhase section */

/* Begin PBXVariantGroup section */
		63A95F0C29408F8A001D946A /* Main.storyboard */ = {
			isa = PBXVariantGroup;
			children = (
				63A95F0D29408F8A001D946A /* Base */,
			);
			name = Main.storyboard;
			sourceTree = "<group>";
		};
		63A95F1129408F8D001D946A /* LaunchScreen.storyboard */ = {
			isa = PBXVariantGroup;
			children = (
				63A95F1229408F8D001D946A /* Base */,
			);
			name = LaunchScreen.storyboard;
			sourceTree = "<group>";
		};
/* End PBXVariantGroup section */

/* Begin XCBuildConfiguration section */
		63A95F1529408F8D001D946A /* Debug */ = {
			isa = XCBuildConfiguration;
			buildSettings = {
				ALWAYS_SEARCH_USER_PATHS = NO;
				CLANG_ANALYZER_NONNULL = YES;
				CLANG_ANALYZER_NUMBER_OBJECT_CONVERSION = YES_AGGRESSIVE;
				CLANG_CXX_LANGUAGE_STANDARD = "gnu++20";
				CLANG_ENABLE_MODULES = YES;
				CLANG_ENABLE_OBJC_ARC = YES;
				CLANG_ENABLE_OBJC_WEAK = YES;
				CLANG_WARN_BLOCK_CAPTURE_AUTORELEASING = YES;
				CLANG_WARN_BOOL_CONVERSION = YES;
				CLANG_WARN_COMMA = YES;
				CLANG_WARN_CONSTANT_CONVERSION = YES;
				CLANG_WARN_DEPRECATED_OBJC_IMPLEMENTATIONS = YES;
				CLANG_WARN_DIRECT_OBJC_ISA_USAGE = YES_ERROR;
				CLANG_WARN_DOCUMENTATION_COMMENTS = YES;
				CLANG_WARN_EMPTY_BODY = YES;
				CLANG_WARN_ENUM_CONVERSION = YES;
				CLANG_WARN_INFINITE_RECURSION = YES;
				CLANG_WARN_INT_CONVERSION = YES;
				CLANG_WARN_NON_LITERAL_NULL_CONVERSION = YES;
				CLANG_WARN_OBJC_IMPLICIT_RETAIN_SELF = YES;
				CLANG_WARN_OBJC_LITERAL_CONVERSION = YES;
				CLANG_WARN_OBJC_ROOT_CLASS = YES_ERROR;
				CLANG_WARN_QUOTED_INCLUDE_IN_FRAMEWORK_HEADER = YES;
				CLANG_WARN_RANGE_LOOP_ANALYSIS = YES;
				CLANG_WARN_STRICT_PROTOTYPES = YES;
				CLANG_WARN_SUSPICIOUS_MOVE = YES;
				CLANG_WARN_UNGUARDED_AVAILABILITY = YES_AGGRESSIVE;
				CLANG_WARN_UNREACHABLE_CODE = YES;
				CLANG_WARN__DUPLICATE_METHOD_MATCH = YES;
				COPY_PHASE_STRIP = NO;
				DEBUG_INFORMATION_FORMAT = dwarf;
				ENABLE_STRICT_OBJC_MSGSEND = YES;
				ENABLE_TESTABILITY = YES;
				GCC_C_LANGUAGE_STANDARD = gnu11;
				GCC_DYNAMIC_NO_PIC = NO;
				GCC_NO_COMMON_BLOCKS = YES;
				GCC_OPTIMIZATION_LEVEL = 0;
				GCC_PREPROCESSOR_DEFINITIONS = (
					"DEBUG=1",
					"$(inherited)",
				);
				GCC_WARN_64_TO_32_BIT_CONVERSION = YES;
				GCC_WARN_ABOUT_RETURN_TYPE = YES_ERROR;
				GCC_WARN_UNDECLARED_SELECTOR = YES;
				GCC_WARN_UNINITIALIZED_AUTOS = YES_AGGRESSIVE;
				GCC_WARN_UNUSED_FUNCTION = YES;
				GCC_WARN_UNUSED_VARIABLE = YES;
				IPHONEOS_DEPLOYMENT_TARGET = 16.1;
				MTL_ENABLE_DEBUG_INFO = INCLUDE_SOURCE;
				MTL_FAST_MATH = YES;
				ONLY_ACTIVE_ARCH = YES;
				SDKROOT = iphoneos;
				SWIFT_ACTIVE_COMPILATION_CONDITIONS = DEBUG;
				SWIFT_OPTIMIZATION_LEVEL = "-Onone";
			};
			name = Debug;
		};
		63A95F1629408F8D001D946A /* Release */ = {
			isa = XCBuildConfiguration;
			buildSettings = {
				ALWAYS_SEARCH_USER_PATHS = NO;
				CLANG_ANALYZER_NONNULL = YES;
				CLANG_ANALYZER_NUMBER_OBJECT_CONVERSION = YES_AGGRESSIVE;
				CLANG_CXX_LANGUAGE_STANDARD = "gnu++20";
				CLANG_ENABLE_MODULES = YES;
				CLANG_ENABLE_OBJC_ARC = YES;
				CLANG_ENABLE_OBJC_WEAK = YES;
				CLANG_WARN_BLOCK_CAPTURE_AUTORELEASING = YES;
				CLANG_WARN_BOOL_CONVERSION = YES;
				CLANG_WARN_COMMA = YES;
				CLANG_WARN_CONSTANT_CONVERSION = YES;
				CLANG_WARN_DEPRECATED_OBJC_IMPLEMENTATIONS = YES;
				CLANG_WARN_DIRECT_OBJC_ISA_USAGE = YES_ERROR;
				CLANG_WARN_DOCUMENTATION_COMMENTS = YES;
				CLANG_WARN_EMPTY_BODY = YES;
				CLANG_WARN_ENUM_CONVERSION = YES;
				CLANG_WARN_INFINITE_RECURSION = YES;
				CLANG_WARN_INT_CONVERSION = YES;
				CLANG_WARN_NON_LITERAL_NULL_CONVERSION = YES;
				CLANG_WARN_OBJC_IMPLICIT_RETAIN_SELF = YES;
				CLANG_WARN_OBJC_LITERAL_CONVERSION = YES;
				CLANG_WARN_OBJC_ROOT_CLASS = YES_ERROR;
				CLANG_WARN_QUOTED_INCLUDE_IN_FRAMEWORK_HEADER = YES;
				CLANG_WARN_RANGE_LOOP_ANALYSIS = YES;
				CLANG_WARN_STRICT_PROTOTYPES = YES;
				CLANG_WARN_SUSPICIOUS_MOVE = YES;
				CLANG_WARN_UNGUARDED_AVAILABILITY = YES_AGGRESSIVE;
				CLANG_WARN_UNREACHABLE_CODE = YES;
				CLANG_WARN__DUPLICATE_METHOD_MATCH = YES;
				COPY_PHASE_STRIP = NO;
				DEBUG_INFORMATION_FORMAT = "dwarf-with-dsym";
				ENABLE_NS_ASSERTIONS = NO;
				ENABLE_STRICT_OBJC_MSGSEND = YES;
				GCC_C_LANGUAGE_STANDARD = gnu11;
				GCC_NO_COMMON_BLOCKS = YES;
				GCC_WARN_64_TO_32_BIT_CONVERSION = YES;
				GCC_WARN_ABOUT_RETURN_TYPE = YES_ERROR;
				GCC_WARN_UNDECLARED_SELECTOR = YES;
				GCC_WARN_UNINITIALIZED_AUTOS = YES_AGGRESSIVE;
				GCC_WARN_UNUSED_FUNCTION = YES;
				GCC_WARN_UNUSED_VARIABLE = YES;
				IPHONEOS_DEPLOYMENT_TARGET = 16.1;
				MTL_ENABLE_DEBUG_INFO = NO;
				MTL_FAST_MATH = YES;
				SDKROOT = iphoneos;
				SWIFT_COMPILATION_MODE = wholemodule;
				SWIFT_OPTIMIZATION_LEVEL = "-O";
				VALIDATE_PRODUCT = YES;
			};
			name = Release;
		};
		63A95F1829408F8D001D946A /* Debug */ = {
			isa = XCBuildConfiguration;
			buildSettings = {
				ASSETCATALOG_COMPILER_APPICON_NAME = AppIcon;
				ASSETCATALOG_COMPILER_GLOBAL_ACCENT_COLOR_NAME = AccentColor;
				CODE_SIGN_STYLE = Automatic;
				CURRENT_PROJECT_VERSION = 1;
				DEVELOPMENT_TEAM = "";
				GENERATE_INFOPLIST_FILE = YES;
				INFOPLIST_FILE = week2wednesday/Info.plist;
				INFOPLIST_KEY_UIApplicationSupportsIndirectInputEvents = YES;
				INFOPLIST_KEY_UILaunchStoryboardName = LaunchScreen;
				INFOPLIST_KEY_UIMainStoryboardFile = Main;
				INFOPLIST_KEY_UISupportedInterfaceOrientations_iPad = "UIInterfaceOrientationPortrait UIInterfaceOrientationPortraitUpsideDown UIInterfaceOrientationLandscapeLeft UIInterfaceOrientationLandscapeRight";
				INFOPLIST_KEY_UISupportedInterfaceOrientations_iPhone = "UIInterfaceOrientationPortrait UIInterfaceOrientationLandscapeLeft UIInterfaceOrientationLandscapeRight";
				LD_RUNPATH_SEARCH_PATHS = (
					"$(inherited)",
					"@executable_path/Frameworks",
				);
				MARKETING_VERSION = 1.0;
				PRODUCT_BUNDLE_IDENTIFIER = me.week2wednesday;
				PRODUCT_NAME = "$(TARGET_NAME)";
				SWIFT_EMIT_LOC_STRINGS = YES;
				SWIFT_VERSION = 5.0;
				TARGETED_DEVICE_FAMILY = "1,2";
			};
			name = Debug;
		};
		63A95F1929408F8D001D946A /* Release */ = {
			isa = XCBuildConfiguration;
			buildSettings = {
				ASSETCATALOG_COMPILER_APPICON_NAME = AppIcon;
				ASSETCATALOG_COMPILER_GLOBAL_ACCENT_COLOR_NAME = AccentColor;
				CODE_SIGN_STYLE = Automatic;
				CURRENT_PROJECT_VERSION = 1;
				DEVELOPMENT_TEAM = "";
				GENERATE_INFOPLIST_FILE = YES;
				INFOPLIST_FILE = week2wednesday/Info.plist;
				INFOPLIST_KEY_UIApplicationSupportsIndirectInputEvents = YES;
				INFOPLIST_KEY_UILaunchStoryboardName = LaunchScreen;
				INFOPLIST_KEY_UIMainStoryboardFile = Main;
				INFOPLIST_KEY_UISupportedInterfaceOrientations_iPad = "UIInterfaceOrientationPortrait UIInterfaceOrientationPortraitUpsideDown UIInterfaceOrientationLandscapeLeft UIInterfaceOrientationLandscapeRight";
				INFOPLIST_KEY_UISupportedInterfaceOrientations_iPhone = "UIInterfaceOrientationPortrait UIInterfaceOrientationLandscapeLeft UIInterfaceOrientationLandscapeRight";
				LD_RUNPATH_SEARCH_PATHS = (
					"$(inherited)",
					"@executable_path/Frameworks",
				);
				MARKETING_VERSION = 1.0;
				PRODUCT_BUNDLE_IDENTIFIER = me.week2wednesday;
				PRODUCT_NAME = "$(TARGET_NAME)";
				SWIFT_EMIT_LOC_STRINGS = YES;
				SWIFT_VERSION = 5.0;
				TARGETED_DEVICE_FAMILY = "1,2";
			};
			name = Release;
		};
/* End XCBuildConfiguration section */

/* Begin XCConfigurationList section */
		63A95EFE29408F8A001D946A /* Build configuration list for PBXProject "week2wednesday" */ = {
			isa = XCConfigurationList;
			buildConfigurations = (
				63A95F1529408F8D001D946A /* Debug */,
				63A95F1629408F8D001D946A /* Release */,
			);
			defaultConfigurationIsVisible = 0;
			defaultConfigurationName = Release;
		};
		63A95F1729408F8D001D946A /* Build configuration list for PBXNativeTarget "week2wednesday" */ = {
			isa = XCConfigurationList;
			buildConfigurations = (
				63A95F1829408F8D001D946A /* Debug */,
				63A95F1929408F8D001D946A /* Release */,
			);
			defaultConfigurationIsVisible = 0;
			defaultConfigurationName = Release;
		};
/* End XCConfigurationList section */
	};
	rootObject = 63A95EFB29408F8A001D946A /* Project object */;
}
